
Microsoft Visual Studio Solution File, Format Version 12.00
# Visual Studio Version 17
VisualStudioVersion = 17.4.32916.344
MinimumVisualStudioVersion = 10.0.40219.1
Project("{9A19103F-16F7-4668-BE54-9A1E7A4F7556}") = "Example.Application", "src\Example.Application\Example.Application.csproj", "{9DA11A9A-6611-4596-AEF8-7A6D091F4EC6}"
EndProject
Project("{9A19103F-16F7-4668-BE54-9A1E7A4F7556}") = "Example.Application.UnitTest", "src\Example.Application.UnitTest\Example.Application.UnitTest.csproj", "{77FEBCBB-6C6B-47BA-B50C-55FC48A0C9A8}"
EndProject
Project("{9A19103F-16F7-4668-BE54-9A1E7A4F7556}") = "Example.Domain", "src\Example.Domain\Example.Domain.csproj", "{1C380249-908B-49C8-9CD9-28182B700419}"
EndProject
Project("{9A19103F-16F7-4668-BE54-9A1E7A4F7556}") = "Example.Domain.Core", "src\Example.Domain.Core\Example.Domain.Core.csproj", "{9DC2AC47-A101-430A-93A0-9E4F03016C1C}"
EndProject
Project("{9A19103F-16F7-4668-BE54-9A1E7A4F7556}") = "Example.Infrastruct.Data", "src\Example.Infrastruct.Data\Example.Infrastruct.Data.csproj", "{8252140A-F375-4D1D-8851-604305A468FD}"
EndProject
Project("{9A19103F-16F7-4668-BE54-9A1E7A4F7556}") = "WebApiHost", "src\WebApiHost\WebApiHost.csproj", "{E22F7317-F561-49BB-A469-083B5583C326}"
EndProject
Project("{9A19103F-16F7-4668-BE54-9A1E7A4F7556}") = "WebApiHost.UnitTest", "src\WebApiHost.UnitTest\WebApiHost.UnitTest.csproj", "{5C4FEBDB-1A1A-42EF-954D-1B7F929FB768}"
EndProject
Project("{9A19103F-16F7-4668-BE54-9A1E7A4F7556}") = "Example.Domain.UnitTest", "src\Example.Domain.UnitTest\Example.Domain.UnitTest.csproj", "{7EEBAECC-A63E-4E5D-82AF-EF40B9BA6C42}"
EndProject
Project("{9A19103F-16F7-4668-BE54-9A1E7A4F7556}") = "Example.Infrastruct.UnitTest", "src\Example.Infrastruct.UnitTest\Example.Infrastruct.UnitTest.csproj", "{8BC9493A-B4CF-4598-A49D-E567B0DD5878}"
EndProject
Project("{E53339B2-1760-4266-BCC7-CA923CBCF16C}") = "docker-compose", "src\docker-compose.dcproj", "{1FE38864-0F8D-4F96-8D6F-5D0C50BE7D42}"
EndProject
Global
	GlobalSection(SolutionConfigurationPlatforms) = preSolution
		Debug|Any CPU = Debug|Any CPU
		Release|Any CPU = Release|Any CPU
	EndGlobalSection
	GlobalSection(ProjectConfigurationPlatforms) = postSolution
		{9DA11A9A-6611-4596-AEF8-7A6D091F4EC6}.Debug|Any CPU.ActiveCfg = Debug|Any CPU
		{9DA11A9A-6611-4596-AEF8-7A6D091F4EC6}.Debug|Any CPU.Build.0 = Debug|Any CPU
		{9DA11A9A-6611-4596-AEF8-7A6D091F4EC6}.Release|Any CPU.ActiveCfg = Release|Any CPU
		{9DA11A9A-6611-4596-AEF8-7A6D091F4EC6}.Release|Any CPU.Build.0 = Release|Any CPU
		{77FEBCBB-6C6B-47BA-B50C-55FC48A0C9A8}.Debug|Any CPU.ActiveCfg = Debug|Any CPU
		{77FEBCBB-6C6B-47BA-B50C-55FC48A0C9A8}.Debug|Any CPU.Build.0 = Debug|Any CPU
		{77FEBCBB-6C6B-47BA-B50C-55FC48A0C9A8}.Release|Any CPU.ActiveCfg = Release|Any CPU
		{77FEBCBB-6C6B-47BA-B50C-55FC48A0C9A8}.Release|Any CPU.Build.0 = Release|Any CPU
		{1C380249-908B-49C8-9CD9-28182B700419}.Debug|Any CPU.ActiveCfg = Debug|Any CPU
		{1C380249-908B-49C8-9CD9-28182B700419}.Debug|Any CPU.Build.0 = Debug|Any CPU
		{1C380249-908B-49C8-9CD9-28182B700419}.Release|Any CPU.ActiveCfg = Release|Any CPU
		{1C380249-908B-49C8-9CD9-28182B700419}.Release|Any CPU.Build.0 = Release|Any CPU
		{9DC2AC47-A101-430A-93A0-9E4F03016C1C}.Debug|Any CPU.ActiveCfg = Debug|Any CPU
		{9DC2AC47-A101-430A-93A0-9E4F03016C1C}.Debug|Any CPU.Build.0 = Debug|Any CPU
		{9DC2AC47-A101-430A-93A0-9E4F03016C1C}.Release|Any CPU.ActiveCfg = Release|Any CPU
		{9DC2AC47-A101-430A-93A0-9E4F03016C1C}.Release|Any CPU.Build.0 = Release|Any CPU
		{8252140A-F375-4D1D-8851-604305A468FD}.Debug|Any CPU.ActiveCfg = Debug|Any CPU
		{8252140A-F375-4D1D-8851-604305A468FD}.Debug|Any CPU.Build.0 = Debug|Any CPU
		{8252140A-F375-4D1D-8851-604305A468FD}.Release|Any CPU.ActiveCfg = Release|Any CPU
		{8252140A-F375-4D1D-8851-604305A468FD}.Release|Any CPU.Build.0 = Release|Any CPU
		{E22F7317-F561-49BB-A469-083B5583C326}.Debug|Any CPU.ActiveCfg = Debug|Any CPU
		{E22F7317-F561-49BB-A469-083B5583C326}.Debug|Any CPU.Build.0 = Debug|Any CPU
		{E22F7317-F561-49BB-A469-083B5583C326}.Release|Any CPU.ActiveCfg = Release|Any CPU
		{E22F7317-F561-49BB-A469-083B5583C326}.Release|Any CPU.Build.0 = Release|Any CPU
		{5C4FEBDB-1A1A-42EF-954D-1B7F929FB768}.Debug|Any CPU.ActiveCfg = Debug|Any CPU
		{5C4FEBDB-1A1A-42EF-954D-1B7F929FB768}.Debug|Any CPU.Build.0 = Debug|Any CPU
		{5C4FEBDB-1A1A-42EF-954D-1B7F929FB768}.Release|Any CPU.ActiveCfg = Release|Any CPU
		{5C4FEBDB-1A1A-42EF-954D-1B7F929FB768}.Release|Any CPU.Build.0 = Release|Any CPU
		{7EEBAECC-A63E-4E5D-82AF-EF40B9BA6C42}.Debug|Any CPU.ActiveCfg = Debug|Any CPU
		{7EEBAECC-A63E-4E5D-82AF-EF40B9BA6C42}.Debug|Any CPU.Build.0 = Debug|Any CPU
		{7EEBAECC-A63E-4E5D-82AF-EF40B9BA6C42}.Release|Any CPU.ActiveCfg = Release|Any CPU
		{7EEBAECC-A63E-4E5D-82AF-EF40B9BA6C42}.Release|Any CPU.Build.0 = Release|Any CPU
		{8BC9493A-B4CF-4598-A49D-E567B0DD5878}.Debug|Any CPU.ActiveCfg = Debug|Any CPU
		{8BC9493A-B4CF-4598-A49D-E567B0DD5878}.Debug|Any CPU.Build.0 = Debug|Any CPU
		{8BC9493A-B4CF-4598-A49D-E567B0DD5878}.Release|Any CPU.ActiveCfg = Release|Any CPU
		{8BC9493A-B4CF-4598-A49D-E567B0DD5878}.Release|Any CPU.Build.0 = Release|Any CPU
		{1FE38864-0F8D-4F96-8D6F-5D0C50BE7D42}.Debug|Any CPU.ActiveCfg = Debug|Any CPU
		{1FE38864-0F8D-4F96-8D6F-5D0C50BE7D42}.Debug|Any CPU.Build.0 = Debug|Any CPU
		{1FE38864-0F8D-4F96-8D6F-5D0C50BE7D42}.Release|Any CPU.ActiveCfg = Release|Any CPU
		{1FE38864-0F8D-4F96-8D6F-5D0C50BE7D42}.Release|Any CPU.Build.0 = Release|Any CPU
	EndGlobalSection
	GlobalSection(SolutionProperties) = preSolution
		HideSolutionNode = FALSE
	EndGlobalSection
	GlobalSection(ExtensibilityGlobals) = postSolution
		SolutionGuid = {20F900FD-DD47-403B-AABF-19FCF08B6C03}
	EndGlobalSection
EndGlobal
